
Microsoft Visual Studio Solution File, Format Version 12.00
# Visual Studio 15
VisualStudioVersion = 15.0.28307.852
MinimumVisualStudioVersion = 10.0.40219.1
Project("{FAE04EC0-301F-11D3-BF4B-00C04F79EFBC}") = "WarehouseMenagmentSystem", "WarehouseMenagmentSystem\WarehouseMenagmentSystem.csproj", "{8295ECB1-39C8-4341-AB35-CA85E3B11FB5}"
EndProject
Project("{FAE04EC0-301F-11D3-BF4B-00C04F79EFBC}") = "Wms.Data", "Wms.Data\Wms.Data.csproj", "{2421ED69-9551-45FE-BE11-E4F3520C69A9}"
EndProject
Project("{FAE04EC0-301F-11D3-BF4B-00C04F79EFBC}") = "Wms.Repo", "Wms.Repo\Wms.Repo.csproj", "{7D86E3FA-9E2C-4380-A739-FE817B9FCB54}"
EndProject
Project("{2150E333-8FDC-42A3-9474-1A3956D46DE8}") = "SolutionScripts", "SolutionScripts", "{29E64B48-31B4-4364-8609-3031203978D3}"
	ProjectSection(SolutionItems) = preProject
		ScaffoldCommand.txt = ScaffoldCommand.txt
	EndProjectSection
EndProject
Global
	GlobalSection(SolutionConfigurationPlatforms) = preSolution
		Debug|Any CPU = Debug|Any CPU
		Release|Any CPU = Release|Any CPU
	EndGlobalSection
	GlobalSection(ProjectConfigurationPlatforms) = postSolution
		{8295ECB1-39C8-4341-AB35-CA85E3B11FB5}.Debug|Any CPU.ActiveCfg = Debug|Any CPU
		{8295ECB1-39C8-4341-AB35-CA85E3B11FB5}.Debug|Any CPU.Build.0 = Debug|Any CPU
		{8295ECB1-39C8-4341-AB35-CA85E3B11FB5}.Release|Any CPU.ActiveCfg = Release|Any CPU
		{8295ECB1-39C8-4341-AB35-CA85E3B11FB5}.Release|Any CPU.Build.0 = Release|Any CPU
		{2421ED69-9551-45FE-BE11-E4F3520C69A9}.Debug|Any CPU.ActiveCfg = Debug|Any CPU
		{2421ED69-9551-45FE-BE11-E4F3520C69A9}.Debug|Any CPU.Build.0 = Debug|Any CPU
		{2421ED69-9551-45FE-BE11-E4F3520C69A9}.Release|Any CPU.ActiveCfg = Release|Any CPU
		{2421ED69-9551-45FE-BE11-E4F3520C69A9}.Release|Any CPU.Build.0 = Release|Any CPU
		{7D86E3FA-9E2C-4380-A739-FE817B9FCB54}.Debug|Any CPU.ActiveCfg = Debug|Any CPU
		{7D86E3FA-9E2C-4380-A739-FE817B9FCB54}.Debug|Any CPU.Build.0 = Debug|Any CPU
		{7D86E3FA-9E2C-4380-A739-FE817B9FCB54}.Release|Any CPU.ActiveCfg = Release|Any CPU
		{7D86E3FA-9E2C-4380-A739-FE817B9FCB54}.Release|Any CPU.Build.0 = Release|Any CPU
	EndGlobalSection
	GlobalSection(SolutionProperties) = preSolution
		HideSolutionNode = FALSE
	EndGlobalSection
	GlobalSection(ExtensibilityGlobals) = postSolution
		SolutionGuid = {79B23084-FBB2-4D61-91C3-1C2660C3DF9E}
	EndGlobalSection
EndGlobal
